
Microsoft Visual Studio Solution File, Format Version 12.00
# Visual Studio Version 16
VisualStudioVersion = 16.0.29709.97
MinimumVisualStudioVersion = 10.0.40219.1
Project("{8BC9CEB8-8B4A-11D0-8D11-00A0C91BC942}") = "logger", "logger\logger.vcxproj", "{5A66219D-C96B-404A-A48E-A0C7159774C8}"
EndProject
Project("{8BC9CEB8-8B4A-11D0-8D11-00A0C91BC942}") = "testlogger", "testlogger\testlogger.vcxproj", "{BD0FA328-B1E4-4CD6-8CED-0F730C187873}"
EndProject
Global
	GlobalSection(SolutionConfigurationPlatforms) = preSolution
		Debug|Win32 = Debug|Win32
		Debug|x64 = Debug|x64
		Release|Win32 = Release|Win32
		Release|x64 = Release|x64
	EndGlobalSection
	GlobalSection(ProjectConfigurationPlatforms) = postSolution
		{5A66219D-C96B-404A-A48E-A0C7159774C8}.Debug|Win32.ActiveCfg = Debug|Win32
		{5A66219D-C96B-404A-A48E-A0C7159774C8}.Debug|Win32.Build.0 = Debug|Win32
		{5A66219D-C96B-404A-A48E-A0C7159774C8}.Debug|x64.ActiveCfg = Debug|x64
		{5A66219D-C96B-404A-A48E-A0C7159774C8}.Debug|x64.Build.0 = Debug|x64
		{5A66219D-C96B-404A-A48E-A0C7159774C8}.Release|Win32.ActiveCfg = Release|Win32
		{5A66219D-C96B-404A-A48E-A0C7159774C8}.Release|Win32.Build.0 = Release|Win32
		{5A66219D-C96B-404A-A48E-A0C7159774C8}.Release|x64.ActiveCfg = Release|x64
		{5A66219D-C96B-404A-A48E-A0C7159774C8}.Release|x64.Build.0 = Release|x64
		{BD0FA328-B1E4-4CD6-8CED-0F730C187873}.Debug|Win32.ActiveCfg = Debug|Win32
		{BD0FA328-B1E4-4CD6-8CED-0F730C187873}.Debug|Win32.Build.0 = Debug|Win32
		{BD0FA328-B1E4-4CD6-8CED-0F730C187873}.Debug|x64.ActiveCfg = Debug|x64
		{BD0FA328-B1E4-4CD6-8CED-0F730C187873}.Debug|x64.Build.0 = Debug|x64
		{BD0FA328-B1E4-4CD6-8CED-0F730C187873}.Release|Win32.ActiveCfg = Release|Win32
		{BD0FA328-B1E4-4CD6-8CED-0F730C187873}.Release|Win32.Build.0 = Release|Win32
		{BD0FA328-B1E4-4CD6-8CED-0F730C187873}.Release|x64.ActiveCfg = Release|x64
		{BD0FA328-B1E4-4CD6-8CED-0F730C187873}.Release|x64.Build.0 = Release|x64
	EndGlobalSection
	GlobalSection(SolutionProperties) = preSolution
		HideSolutionNode = FALSE
	EndGlobalSection
	GlobalSection(ExtensibilityGlobals) = postSolution
		SolutionGuid = {4618F490-7D90-4CD8-985D-4D84228E3B97}
	EndGlobalSection
EndGlobal
